// !$*UTF8*$!
{
	archiveVersion = 1;
	classes = {
	};
	objectVersion = 55;
	objects = {

/* Begin PBXBuildFile section */
		407B742C2A82DEA300E9EB5F /* AppDelegate.swift in Sources */ = {isa = PBXBuildFile; fileRef = 407B742B2A82DEA300E9EB5F /* AppDelegate.swift */; };
		407B742E2A82DEA300E9EB5F /* SceneDelegate.swift in Sources */ = {isa = PBXBuildFile; fileRef = 407B742D2A82DEA300E9EB5F /* SceneDelegate.swift */; };
		407B74302A82DEA300E9EB5F /* CalculatorVC.swift in Sources */ = {isa = PBXBuildFile; fileRef = 407B742F2A82DEA300E9EB5F /* CalculatorVC.swift */; };
		407B74352A82DEA600E9EB5F /* Assets.xcassets in Resources */ = {isa = PBXBuildFile; fileRef = 407B74342A82DEA600E9EB5F /* Assets.xcassets */; };
		407B74382A82DEA600E9EB5F /* LaunchScreen.storyboard in Resources */ = {isa = PBXBuildFile; fileRef = 407B74362A82DEA600E9EB5F /* LaunchScreen.storyboard */; };
		407B74432A82DEA700E9EB5F /* CalculatorTests.swift in Sources */ = {isa = PBXBuildFile; fileRef = 407B74422A82DEA700E9EB5F /* CalculatorTests.swift */; };
		407B744D2A82DEA700E9EB5F /* CalculatorUITests.swift in Sources */ = {isa = PBXBuildFile; fileRef = 407B744C2A82DEA700E9EB5F /* CalculatorUITests.swift */; };
		407B744F2A82DEA700E9EB5F /* CalculatorUITestsLaunchTests.swift in Sources */ = {isa = PBXBuildFile; fileRef = 407B744E2A82DEA700E9EB5F /* CalculatorUITestsLaunchTests.swift */; };
		407B745D2A83811F00E9EB5F /* CombineCocoa in Frameworks */ = {isa = PBXBuildFile; productRef = 407B745C2A83811F00E9EB5F /* CombineCocoa */; };
		407B74602A83814F00E9EB5F /* SnapKit in Frameworks */ = {isa = PBXBuildFile; productRef = 407B745F2A83814F00E9EB5F /* SnapKit */; };
		407B74632A8381E000E9EB5F /* CombineCocoa in Frameworks */ = {isa = PBXBuildFile; productRef = 407B74622A8381E000E9EB5F /* CombineCocoa */; };
		407B74662A83824E00E9EB5F /* SnapshotTesting in Frameworks */ = {isa = PBXBuildFile; productRef = 407B74652A83824E00E9EB5F /* SnapshotTesting */; };
		407B74682A83825400E9EB5F /* CombineCocoa in Frameworks */ = {isa = PBXBuildFile; productRef = 407B74672A83825400E9EB5F /* CombineCocoa */; };
		407B746B2A83874800E9EB5F /* LogoView.swift in Sources */ = {isa = PBXBuildFile; fileRef = 407B746A2A83874800E9EB5F /* LogoView.swift */; };
		407B746D2A83889C00E9EB5F /* ResultView.swift in Sources */ = {isa = PBXBuildFile; fileRef = 407B746C2A83889C00E9EB5F /* ResultView.swift */; };
		407B746F2A8388BC00E9EB5F /* BillInputView.swift in Sources */ = {isa = PBXBuildFile; fileRef = 407B746E2A8388BC00E9EB5F /* BillInputView.swift */; };
		407B74712A8388CF00E9EB5F /* TipInputView.swift in Sources */ = {isa = PBXBuildFile; fileRef = 407B74702A8388CF00E9EB5F /* TipInputView.swift */; };
		407B74732A8388DC00E9EB5F /* SplitInputView.swift in Sources */ = {isa = PBXBuildFile; fileRef = 407B74722A8388DC00E9EB5F /* SplitInputView.swift */; };
		407B74772A838CE700E9EB5F /* ThemeColor.swift in Sources */ = {isa = PBXBuildFile; fileRef = 407B74762A838CE700E9EB5F /* ThemeColor.swift */; };
		407B74792A838CF300E9EB5F /* ThemeFont.swift in Sources */ = {isa = PBXBuildFile; fileRef = 407B74782A838CF300E9EB5F /* ThemeFont.swift */; };
		407B747C2A838D7100E9EB5F /* UIColor+Extension.swift in Sources */ = {isa = PBXBuildFile; fileRef = 407B747B2A838D7100E9EB5F /* UIColor+Extension.swift */; };
		407B747F2A8ACA1100E9EB5F /* LabelFactory.swift in Sources */ = {isa = PBXBuildFile; fileRef = 407B747E2A8ACA1100E9EB5F /* LabelFactory.swift */; };
		40FE98BA2A8E984C00B080BF /* UIView+Extension.swift in Sources */ = {isa = PBXBuildFile; fileRef = 40FE98B92A8E984C00B080BF /* UIView+Extension.swift */; };
/* End PBXBuildFile section */

/* Begin PBXContainerItemProxy section */
		407B743F2A82DEA700E9EB5F /* PBXContainerItemProxy */ = {
			isa = PBXContainerItemProxy;
			containerPortal = 407B74202A82DEA300E9EB5F /* Project object */;
			proxyType = 1;
			remoteGlobalIDString = 407B74272A82DEA300E9EB5F;
			remoteInfo = Calculator;
		};
		407B74492A82DEA700E9EB5F /* PBXContainerItemProxy */ = {
			isa = PBXContainerItemProxy;
			containerPortal = 407B74202A82DEA300E9EB5F /* Project object */;
			proxyType = 1;
			remoteGlobalIDString = 407B74272A82DEA300E9EB5F;
			remoteInfo = Calculator;
		};
/* End PBXContainerItemProxy section */

/* Begin PBXFileReference section */
		407B74282A82DEA300E9EB5F /* Calculator.app */ = {isa = PBXFileReference; explicitFileType = wrapper.application; includeInIndex = 0; path = Calculator.app; sourceTree = BUILT_PRODUCTS_DIR; };
		407B742B2A82DEA300E9EB5F /* AppDelegate.swift */ = {isa = PBXFileReference; lastKnownFileType = sourcecode.swift; path = AppDelegate.swift; sourceTree = "<group>"; };
		407B742D2A82DEA300E9EB5F /* SceneDelegate.swift */ = {isa = PBXFileReference; lastKnownFileType = sourcecode.swift; path = SceneDelegate.swift; sourceTree = "<group>"; };
		407B742F2A82DEA300E9EB5F /* CalculatorVC.swift */ = {isa = PBXFileReference; lastKnownFileType = sourcecode.swift; path = CalculatorVC.swift; sourceTree = "<group>"; };
		407B74342A82DEA600E9EB5F /* Assets.xcassets */ = {isa = PBXFileReference; lastKnownFileType = folder.assetcatalog; path = Assets.xcassets; sourceTree = "<group>"; };
		407B74372A82DEA600E9EB5F /* Base */ = {isa = PBXFileReference; lastKnownFileType = file.storyboard; name = Base; path = Base.lproj/LaunchScreen.storyboard; sourceTree = "<group>"; };
		407B74392A82DEA600E9EB5F /* Info.plist */ = {isa = PBXFileReference; lastKnownFileType = text.plist.xml; path = Info.plist; sourceTree = "<group>"; };
		407B743E2A82DEA700E9EB5F /* CalculatorTests.xctest */ = {isa = PBXFileReference; explicitFileType = wrapper.cfbundle; includeInIndex = 0; path = CalculatorTests.xctest; sourceTree = BUILT_PRODUCTS_DIR; };
		407B74422A82DEA700E9EB5F /* CalculatorTests.swift */ = {isa = PBXFileReference; lastKnownFileType = sourcecode.swift; path = CalculatorTests.swift; sourceTree = "<group>"; };
		407B74482A82DEA700E9EB5F /* CalculatorUITests.xctest */ = {isa = PBXFileReference; explicitFileType = wrapper.cfbundle; includeInIndex = 0; path = CalculatorUITests.xctest; sourceTree = BUILT_PRODUCTS_DIR; };
		407B744C2A82DEA700E9EB5F /* CalculatorUITests.swift */ = {isa = PBXFileReference; lastKnownFileType = sourcecode.swift; path = CalculatorUITests.swift; sourceTree = "<group>"; };
		407B744E2A82DEA700E9EB5F /* CalculatorUITestsLaunchTests.swift */ = {isa = PBXFileReference; lastKnownFileType = sourcecode.swift; path = CalculatorUITestsLaunchTests.swift; sourceTree = "<group>"; };
		407B746A2A83874800E9EB5F /* LogoView.swift */ = {isa = PBXFileReference; lastKnownFileType = sourcecode.swift; path = LogoView.swift; sourceTree = "<group>"; };
		407B746C2A83889C00E9EB5F /* ResultView.swift */ = {isa = PBXFileReference; lastKnownFileType = sourcecode.swift; path = ResultView.swift; sourceTree = "<group>"; };
		407B746E2A8388BC00E9EB5F /* BillInputView.swift */ = {isa = PBXFileReference; lastKnownFileType = sourcecode.swift; path = BillInputView.swift; sourceTree = "<group>"; };
		407B74702A8388CF00E9EB5F /* TipInputView.swift */ = {isa = PBXFileReference; lastKnownFileType = sourcecode.swift; path = TipInputView.swift; sourceTree = "<group>"; };
		407B74722A8388DC00E9EB5F /* SplitInputView.swift */ = {isa = PBXFileReference; lastKnownFileType = sourcecode.swift; path = SplitInputView.swift; sourceTree = "<group>"; };
		407B74762A838CE700E9EB5F /* ThemeColor.swift */ = {isa = PBXFileReference; lastKnownFileType = sourcecode.swift; path = ThemeColor.swift; sourceTree = "<group>"; };
		407B74782A838CF300E9EB5F /* ThemeFont.swift */ = {isa = PBXFileReference; lastKnownFileType = sourcecode.swift; path = ThemeFont.swift; sourceTree = "<group>"; };
		407B747B2A838D7100E9EB5F /* UIColor+Extension.swift */ = {isa = PBXFileReference; lastKnownFileType = sourcecode.swift; path = "UIColor+Extension.swift"; sourceTree = "<group>"; };
		407B747E2A8ACA1100E9EB5F /* LabelFactory.swift */ = {isa = PBXFileReference; lastKnownFileType = sourcecode.swift; path = LabelFactory.swift; sourceTree = "<group>"; };
		40FE98B92A8E984C00B080BF /* UIView+Extension.swift */ = {isa = PBXFileReference; lastKnownFileType = sourcecode.swift; path = "UIView+Extension.swift"; sourceTree = "<group>"; };
/* End PBXFileReference section */

/* Begin PBXFrameworksBuildPhase section */
		407B74252A82DEA300E9EB5F /* Frameworks */ = {
			isa = PBXFrameworksBuildPhase;
			buildActionMask = 2147483647;
			files = (
				407B745D2A83811F00E9EB5F /* CombineCocoa in Frameworks */,
				407B74602A83814F00E9EB5F /* SnapKit in Frameworks */,
			);
			runOnlyForDeploymentPostprocessing = 0;
		};
		407B743B2A82DEA700E9EB5F /* Frameworks */ = {
			isa = PBXFrameworksBuildPhase;
			buildActionMask = 2147483647;
			files = (
				407B74632A8381E000E9EB5F /* CombineCocoa in Frameworks */,
				407B74662A83824E00E9EB5F /* SnapshotTesting in Frameworks */,
			);
			runOnlyForDeploymentPostprocessing = 0;
		};
		407B74452A82DEA700E9EB5F /* Frameworks */ = {
			isa = PBXFrameworksBuildPhase;
			buildActionMask = 2147483647;
			files = (
				407B74682A83825400E9EB5F /* CombineCocoa in Frameworks */,
			);
			runOnlyForDeploymentPostprocessing = 0;
		};
/* End PBXFrameworksBuildPhase section */

/* Begin PBXGroup section */
		407B741F2A82DEA300E9EB5F = {
			isa = PBXGroup;
			children = (
				407B742A2A82DEA300E9EB5F /* Calculator */,
				407B74412A82DEA700E9EB5F /* CalculatorTests */,
				407B744B2A82DEA700E9EB5F /* CalculatorUITests */,
				407B74292A82DEA300E9EB5F /* Products */,
				407B74612A8381E000E9EB5F /* Frameworks */,
			);
			sourceTree = "<group>";
		};
		407B74292A82DEA300E9EB5F /* Products */ = {
			isa = PBXGroup;
			children = (
				407B74282A82DEA300E9EB5F /* Calculator.app */,
				407B743E2A82DEA700E9EB5F /* CalculatorTests.xctest */,
				407B74482A82DEA700E9EB5F /* CalculatorUITests.xctest */,
			);
			name = Products;
			sourceTree = "<group>";
		};
		407B742A2A82DEA300E9EB5F /* Calculator */ = {
			isa = PBXGroup;
			children = (
				407B747D2A8AC9F900E9EB5F /* factory */,
				407B74742A838CC500E9EB5F /* Config */,
				407B74692A83873A00E9EB5F /* View */,
				407B742B2A82DEA300E9EB5F /* AppDelegate.swift */,
				407B742D2A82DEA300E9EB5F /* SceneDelegate.swift */,
				407B742F2A82DEA300E9EB5F /* CalculatorVC.swift */,
				407B74342A82DEA600E9EB5F /* Assets.xcassets */,
				407B74362A82DEA600E9EB5F /* LaunchScreen.storyboard */,
				407B74392A82DEA600E9EB5F /* Info.plist */,
			);
			path = Calculator;
			sourceTree = "<group>";
		};
		407B74412A82DEA700E9EB5F /* CalculatorTests */ = {
			isa = PBXGroup;
			children = (
				407B74422A82DEA700E9EB5F /* CalculatorTests.swift */,
			);
			path = CalculatorTests;
			sourceTree = "<group>";
		};
		407B744B2A82DEA700E9EB5F /* CalculatorUITests */ = {
			isa = PBXGroup;
			children = (
				407B744C2A82DEA700E9EB5F /* CalculatorUITests.swift */,
				407B744E2A82DEA700E9EB5F /* CalculatorUITestsLaunchTests.swift */,
			);
			path = CalculatorUITests;
			sourceTree = "<group>";
		};
		407B74612A8381E000E9EB5F /* Frameworks */ = {
			isa = PBXGroup;
			children = (
			);
			name = Frameworks;
			sourceTree = "<group>";
		};
		407B74692A83873A00E9EB5F /* View */ = {
			isa = PBXGroup;
			children = (
				407B746A2A83874800E9EB5F /* LogoView.swift */,
				407B746C2A83889C00E9EB5F /* ResultView.swift */,
				407B746E2A8388BC00E9EB5F /* BillInputView.swift */,
				407B74702A8388CF00E9EB5F /* TipInputView.swift */,
				407B74722A8388DC00E9EB5F /* SplitInputView.swift */,
			);
			path = View;
			sourceTree = "<group>";
		};
		407B74742A838CC500E9EB5F /* Config */ = {
			isa = PBXGroup;
			children = (
				407B747A2A838D3600E9EB5F /* Extention */,
				407B74762A838CE700E9EB5F /* ThemeColor.swift */,
				407B74782A838CF300E9EB5F /* ThemeFont.swift */,
			);
			path = Config;
			sourceTree = "<group>";
		};
		407B747A2A838D3600E9EB5F /* Extention */ = {
			isa = PBXGroup;
			children = (
				407B747B2A838D7100E9EB5F /* UIColor+Extension.swift */,
				40FE98B92A8E984C00B080BF /* UIView+Extension.swift */,
			);
			path = Extention;
			sourceTree = "<group>";
		};
		407B747D2A8AC9F900E9EB5F /* factory */ = {
			isa = PBXGroup;
			children = (
				407B747E2A8ACA1100E9EB5F /* LabelFactory.swift */,
			);
			path = factory;
			sourceTree = "<group>";
		};
/* End PBXGroup section */

/* Begin PBXNativeTarget section */
		407B74272A82DEA300E9EB5F /* Calculator */ = {
			isa = PBXNativeTarget;
			buildConfigurationList = 407B74522A82DEA700E9EB5F /* Build configuration list for PBXNativeTarget "Calculator" */;
			buildPhases = (
				407B74242A82DEA300E9EB5F /* Sources */,
				407B74252A82DEA300E9EB5F /* Frameworks */,
				407B74262A82DEA300E9EB5F /* Resources */,
			);
			buildRules = (
			);
			dependencies = (
			);
			name = Calculator;
			packageProductDependencies = (
				407B745C2A83811F00E9EB5F /* CombineCocoa */,
				407B745F2A83814F00E9EB5F /* SnapKit */,
			);
			productName = Calculator;
			productReference = 407B74282A82DEA300E9EB5F /* Calculator.app */;
			productType = "com.apple.product-type.application";
		};
		407B743D2A82DEA700E9EB5F /* CalculatorTests */ = {
			isa = PBXNativeTarget;
			buildConfigurationList = 407B74552A82DEA700E9EB5F /* Build configuration list for PBXNativeTarget "CalculatorTests" */;
			buildPhases = (
				407B743A2A82DEA700E9EB5F /* Sources */,
				407B743B2A82DEA700E9EB5F /* Frameworks */,
				407B743C2A82DEA700E9EB5F /* Resources */,
			);
			buildRules = (
			);
			dependencies = (
				407B74402A82DEA700E9EB5F /* PBXTargetDependency */,
			);
			name = CalculatorTests;
			packageProductDependencies = (
				407B74622A8381E000E9EB5F /* CombineCocoa */,
				407B74652A83824E00E9EB5F /* SnapshotTesting */,
			);
			productName = CalculatorTests;
			productReference = 407B743E2A82DEA700E9EB5F /* CalculatorTests.xctest */;
			productType = "com.apple.product-type.bundle.unit-test";
		};
		407B74472A82DEA700E9EB5F /* CalculatorUITests */ = {
			isa = PBXNativeTarget;
			buildConfigurationList = 407B74582A82DEA700E9EB5F /* Build configuration list for PBXNativeTarget "CalculatorUITests" */;
			buildPhases = (
				407B74442A82DEA700E9EB5F /* Sources */,
				407B74452A82DEA700E9EB5F /* Frameworks */,
				407B74462A82DEA700E9EB5F /* Resources */,
			);
			buildRules = (
			);
			dependencies = (
				407B744A2A82DEA700E9EB5F /* PBXTargetDependency */,
			);
			name = CalculatorUITests;
			packageProductDependencies = (
				407B74672A83825400E9EB5F /* CombineCocoa */,
			);
			productName = CalculatorUITests;
			productReference = 407B74482A82DEA700E9EB5F /* CalculatorUITests.xctest */;
			productType = "com.apple.product-type.bundle.ui-testing";
		};
/* End PBXNativeTarget section */

/* Begin PBXProject section */
		407B74202A82DEA300E9EB5F /* Project object */ = {
			isa = PBXProject;
			attributes = {
				BuildIndependentTargetsInParallel = 1;
				LastSwiftUpdateCheck = 1320;
				LastUpgradeCheck = 1320;
				TargetAttributes = {
					407B74272A82DEA300E9EB5F = {
						CreatedOnToolsVersion = 13.2;
					};
					407B743D2A82DEA700E9EB5F = {
						CreatedOnToolsVersion = 13.2;
						TestTargetID = 407B74272A82DEA300E9EB5F;
					};
					407B74472A82DEA700E9EB5F = {
						CreatedOnToolsVersion = 13.2;
						TestTargetID = 407B74272A82DEA300E9EB5F;
					};
				};
			};
			buildConfigurationList = 407B74232A82DEA300E9EB5F /* Build configuration list for PBXProject "Calculator" */;
			compatibilityVersion = "Xcode 13.0";
			developmentRegion = en;
			hasScannedForEncodings = 0;
			knownRegions = (
				en,
				Base,
			);
			mainGroup = 407B741F2A82DEA300E9EB5F;
			packageReferences = (
				407B745B2A83811E00E9EB5F /* XCRemoteSwiftPackageReference "CombineCocoa" */,
				407B745E2A83814F00E9EB5F /* XCRemoteSwiftPackageReference "SnapKit" */,
				407B74642A83824E00E9EB5F /* XCRemoteSwiftPackageReference "swift-snapshot-testing" */,
			);
			productRefGroup = 407B74292A82DEA300E9EB5F /* Products */;
			projectDirPath = "";
			projectRoot = "";
			targets = (
				407B74272A82DEA300E9EB5F /* Calculator */,
				407B743D2A82DEA700E9EB5F /* CalculatorTests */,
				407B74472A82DEA700E9EB5F /* CalculatorUITests */,
			);
		};
/* End PBXProject section */

/* Begin PBXResourcesBuildPhase section */
		407B74262A82DEA300E9EB5F /* Resources */ = {
			isa = PBXResourcesBuildPhase;
			buildActionMask = 2147483647;
			files = (
				407B74382A82DEA600E9EB5F /* LaunchScreen.storyboard in Resources */,
				407B74352A82DEA600E9EB5F /* Assets.xcassets in Resources */,
			);
			runOnlyForDeploymentPostprocessing = 0;
		};
		407B743C2A82DEA700E9EB5F /* Resources */ = {
			isa = PBXResourcesBuildPhase;
			buildActionMask = 2147483647;
			files = (
			);
			runOnlyForDeploymentPostprocessing = 0;
		};
		407B74462A82DEA700E9EB5F /* Resources */ = {
			isa = PBXResourcesBuildPhase;
			buildActionMask = 2147483647;
			files = (
			);
			runOnlyForDeploymentPostprocessing = 0;
		};
/* End PBXResourcesBuildPhase section */

/* Begin PBXSourcesBuildPhase section */
		407B74242A82DEA300E9EB5F /* Sources */ = {
			isa = PBXSourcesBuildPhase;
			buildActionMask = 2147483647;
			files = (
				407B74302A82DEA300E9EB5F /* CalculatorVC.swift in Sources */,
				40FE98BA2A8E984C00B080BF /* UIView+Extension.swift in Sources */,
				407B746B2A83874800E9EB5F /* LogoView.swift in Sources */,
				407B74772A838CE700E9EB5F /* ThemeColor.swift in Sources */,
				407B747C2A838D7100E9EB5F /* UIColor+Extension.swift in Sources */,
				407B746F2A8388BC00E9EB5F /* BillInputView.swift in Sources */,
				407B746D2A83889C00E9EB5F /* ResultView.swift in Sources */,
				407B742C2A82DEA300E9EB5F /* AppDelegate.swift in Sources */,
				407B74792A838CF300E9EB5F /* ThemeFont.swift in Sources */,
				407B742E2A82DEA300E9EB5F /* SceneDelegate.swift in Sources */,
				407B747F2A8ACA1100E9EB5F /* LabelFactory.swift in Sources */,
				407B74732A8388DC00E9EB5F /* SplitInputView.swift in Sources */,
				407B74712A8388CF00E9EB5F /* TipInputView.swift in Sources */,
			);
			runOnlyForDeploymentPostprocessing = 0;
		};
		407B743A2A82DEA700E9EB5F /* Sources */ = {
			isa = PBXSourcesBuildPhase;
			buildActionMask = 2147483647;
			files = (
				407B74432A82DEA700E9EB5F /* CalculatorTests.swift in Sources */,
			);
			runOnlyForDeploymentPostprocessing = 0;
		};
		407B74442A82DEA700E9EB5F /* Sources */ = {
			isa = PBXSourcesBuildPhase;
			buildActionMask = 2147483647;
			files = (
				407B744F2A82DEA700E9EB5F /* CalculatorUITestsLaunchTests.swift in Sources */,
				407B744D2A82DEA700E9EB5F /* CalculatorUITests.swift in Sources */,
			);
			runOnlyForDeploymentPostprocessing = 0;
		};
/* End PBXSourcesBuildPhase section */

/* Begin PBXTargetDependency section */
		407B74402A82DEA700E9EB5F /* PBXTargetDependency */ = {
			isa = PBXTargetDependency;
			target = 407B74272A82DEA300E9EB5F /* Calculator */;
			targetProxy = 407B743F2A82DEA700E9EB5F /* PBXContainerItemProxy */;
		};
		407B744A2A82DEA700E9EB5F /* PBXTargetDependency */ = {
			isa = PBXTargetDependency;
			target = 407B74272A82DEA300E9EB5F /* Calculator */;
			targetProxy = 407B74492A82DEA700E9EB5F /* PBXContainerItemProxy */;
		};
/* End PBXTargetDependency section */

/* Begin PBXVariantGroup section */
		407B74362A82DEA600E9EB5F /* LaunchScreen.storyboard */ = {
			isa = PBXVariantGroup;
			children = (
				407B74372A82DEA600E9EB5F /* Base */,
			);
			name = LaunchScreen.storyboard;
			sourceTree = "<group>";
		};
/* End PBXVariantGroup section */

/* Begin XCBuildConfiguration section */
		407B74502A82DEA700E9EB5F /* Debug */ = {
			isa = XCBuildConfiguration;
			buildSettings = {
				ALWAYS_SEARCH_USER_PATHS = NO;
				CLANG_ANALYZER_NONNULL = YES;
				CLANG_ANALYZER_NUMBER_OBJECT_CONVERSION = YES_AGGRESSIVE;
				CLANG_CXX_LANGUAGE_STANDARD = "gnu++17";
				CLANG_CXX_LIBRARY = "libc++";
				CLANG_ENABLE_MODULES = YES;
				CLANG_ENABLE_OBJC_ARC = YES;
				CLANG_ENABLE_OBJC_WEAK = YES;
				CLANG_WARN_BLOCK_CAPTURE_AUTORELEASING = YES;
				CLANG_WARN_BOOL_CONVERSION = YES;
				CLANG_WARN_COMMA = YES;
				CLANG_WARN_CONSTANT_CONVERSION = YES;
				CLANG_WARN_DEPRECATED_OBJC_IMPLEMENTATIONS = YES;
				CLANG_WARN_DIRECT_OBJC_ISA_USAGE = YES_ERROR;
				CLANG_WARN_DOCUMENTATION_COMMENTS = YES;
				CLANG_WARN_EMPTY_BODY = YES;
				CLANG_WARN_ENUM_CONVERSION = YES;
				CLANG_WARN_INFINITE_RECURSION = YES;
				CLANG_WARN_INT_CONVERSION = YES;
				CLANG_WARN_NON_LITERAL_NULL_CONVERSION = YES;
				CLANG_WARN_OBJC_IMPLICIT_RETAIN_SELF = YES;
				CLANG_WARN_OBJC_LITERAL_CONVERSION = YES;
				CLANG_WARN_OBJC_ROOT_CLASS = YES_ERROR;
				CLANG_WARN_QUOTED_INCLUDE_IN_FRAMEWORK_HEADER = YES;
				CLANG_WARN_RANGE_LOOP_ANALYSIS = YES;
				CLANG_WARN_STRICT_PROTOTYPES = YES;
				CLANG_WARN_SUSPICIOUS_MOVE = YES;
				CLANG_WARN_UNGUARDED_AVAILABILITY = YES_AGGRESSIVE;
				CLANG_WARN_UNREACHABLE_CODE = YES;
				CLANG_WARN__DUPLICATE_METHOD_MATCH = YES;
				COPY_PHASE_STRIP = NO;
				DEBUG_INFORMATION_FORMAT = dwarf;
				ENABLE_STRICT_OBJC_MSGSEND = YES;
				ENABLE_TESTABILITY = YES;
				GCC_C_LANGUAGE_STANDARD = gnu11;
				GCC_DYNAMIC_NO_PIC = NO;
				GCC_NO_COMMON_BLOCKS = YES;
				GCC_OPTIMIZATION_LEVEL = 0;
				GCC_PREPROCESSOR_DEFINITIONS = (
					"DEBUG=1",
					"$(inherited)",
				);
				GCC_WARN_64_TO_32_BIT_CONVERSION = YES;
				GCC_WARN_ABOUT_RETURN_TYPE = YES_ERROR;
				GCC_WARN_UNDECLARED_SELECTOR = YES;
				GCC_WARN_UNINITIALIZED_AUTOS = YES_AGGRESSIVE;
				GCC_WARN_UNUSED_FUNCTION = YES;
				GCC_WARN_UNUSED_VARIABLE = YES;
				IPHONEOS_DEPLOYMENT_TARGET = 15.2;
				MTL_ENABLE_DEBUG_INFO = INCLUDE_SOURCE;
				MTL_FAST_MATH = YES;
				ONLY_ACTIVE_ARCH = YES;
				SDKROOT = iphoneos;
				SWIFT_ACTIVE_COMPILATION_CONDITIONS = DEBUG;
				SWIFT_OPTIMIZATION_LEVEL = "-Onone";
			};
			name = Debug;
		};
		407B74512A82DEA700E9EB5F /* Release */ = {
			isa = XCBuildConfiguration;
			buildSettings = {
				ALWAYS_SEARCH_USER_PATHS = NO;
				CLANG_ANALYZER_NONNULL = YES;
				CLANG_ANALYZER_NUMBER_OBJECT_CONVERSION = YES_AGGRESSIVE;
				CLANG_CXX_LANGUAGE_STANDARD = "gnu++17";
				CLANG_CXX_LIBRARY = "libc++";
				CLANG_ENABLE_MODULES = YES;
				CLANG_ENABLE_OBJC_ARC = YES;
				CLANG_ENABLE_OBJC_WEAK = YES;
				CLANG_WARN_BLOCK_CAPTURE_AUTORELEASING = YES;
				CLANG_WARN_BOOL_CONVERSION = YES;
				CLANG_WARN_COMMA = YES;
				CLANG_WARN_CONSTANT_CONVERSION = YES;
				CLANG_WARN_DEPRECATED_OBJC_IMPLEMENTATIONS = YES;
				CLANG_WARN_DIRECT_OBJC_ISA_USAGE = YES_ERROR;
				CLANG_WARN_DOCUMENTATION_COMMENTS = YES;
				CLANG_WARN_EMPTY_BODY = YES;
				CLANG_WARN_ENUM_CONVERSION = YES;
				CLANG_WARN_INFINITE_RECURSION = YES;
				CLANG_WARN_INT_CONVERSION = YES;
				CLANG_WARN_NON_LITERAL_NULL_CONVERSION = YES;
				CLANG_WARN_OBJC_IMPLICIT_RETAIN_SELF = YES;
				CLANG_WARN_OBJC_LITERAL_CONVERSION = YES;
				CLANG_WARN_OBJC_ROOT_CLASS = YES_ERROR;
				CLANG_WARN_QUOTED_INCLUDE_IN_FRAMEWORK_HEADER = YES;
				CLANG_WARN_RANGE_LOOP_ANALYSIS = YES;
				CLANG_WARN_STRICT_PROTOTYPES = YES;
				CLANG_WARN_SUSPICIOUS_MOVE = YES;
				CLANG_WARN_UNGUARDED_AVAILABILITY = YES_AGGRESSIVE;
				CLANG_WARN_UNREACHABLE_CODE = YES;
				CLANG_WARN__DUPLICATE_METHOD_MATCH = YES;
				COPY_PHASE_STRIP = NO;
				DEBUG_INFORMATION_FORMAT = "dwarf-with-dsym";
				ENABLE_NS_ASSERTIONS = NO;
				ENABLE_STRICT_OBJC_MSGSEND = YES;
				GCC_C_LANGUAGE_STANDARD = gnu11;
				GCC_NO_COMMON_BLOCKS = YES;
				GCC_WARN_64_TO_32_BIT_CONVERSION = YES;
				GCC_WARN_ABOUT_RETURN_TYPE = YES_ERROR;
				GCC_WARN_UNDECLARED_SELECTOR = YES;
				GCC_WARN_UNINITIALIZED_AUTOS = YES_AGGRESSIVE;
				GCC_WARN_UNUSED_FUNCTION = YES;
				GCC_WARN_UNUSED_VARIABLE = YES;
				IPHONEOS_DEPLOYMENT_TARGET = 15.2;
				MTL_ENABLE_DEBUG_INFO = NO;
				MTL_FAST_MATH = YES;
				SDKROOT = iphoneos;
				SWIFT_COMPILATION_MODE = wholemodule;
				SWIFT_OPTIMIZATION_LEVEL = "-O";
				VALIDATE_PRODUCT = YES;
			};
			name = Release;
		};
		407B74532A82DEA700E9EB5F /* Debug */ = {
			isa = XCBuildConfiguration;
			buildSettings = {
				ASSETCATALOG_COMPILER_APPICON_NAME = AppIcon;
				ASSETCATALOG_COMPILER_GLOBAL_ACCENT_COLOR_NAME = AccentColor;
				CODE_SIGN_IDENTITY = "Apple Development";
				CODE_SIGN_STYLE = Automatic;
				CURRENT_PROJECT_VERSION = 1;
				DEVELOPMENT_TEAM = 4363U5NBM7;
				GENERATE_INFOPLIST_FILE = YES;
				INFOPLIST_FILE = Calculator/Info.plist;
				INFOPLIST_KEY_UIApplicationSupportsIndirectInputEvents = YES;
				INFOPLIST_KEY_UILaunchStoryboardName = LaunchScreen;
				INFOPLIST_KEY_UISupportedInterfaceOrientations_iPad = "UIInterfaceOrientationPortrait UIInterfaceOrientationPortraitUpsideDown UIInterfaceOrientationLandscapeLeft UIInterfaceOrientationLandscapeRight";
				INFOPLIST_KEY_UISupportedInterfaceOrientations_iPhone = "UIInterfaceOrientationPortrait UIInterfaceOrientationLandscapeLeft UIInterfaceOrientationLandscapeRight";
				LD_RUNPATH_SEARCH_PATHS = (
					"$(inherited)",
					"@executable_path/Frameworks",
				);
				MARKETING_VERSION = 1.0;
				PRODUCT_BUNDLE_IDENTIFIER = mariam.intro.Calculator;
				PRODUCT_NAME = "$(TARGET_NAME)";
				PROVISIONING_PROFILE_SPECIFIER = "";
				SWIFT_EMIT_LOC_STRINGS = YES;
				SWIFT_VERSION = 5.0;
				TARGETED_DEVICE_FAMILY = "1,2";
			};
			name = Debug;
		};
		407B74542A82DEA700E9EB5F /* Release */ = {
			isa = XCBuildConfiguration;
			buildSettings = {
				ASSETCATALOG_COMPILER_APPICON_NAME = AppIcon;
				ASSETCATALOG_COMPILER_GLOBAL_ACCENT_COLOR_NAME = AccentColor;
				CODE_SIGN_IDENTITY = "Apple Development";
				CODE_SIGN_STYLE = Automatic;
				CURRENT_PROJECT_VERSION = 1;
				DEVELOPMENT_TEAM = 4363U5NBM7;
				GENERATE_INFOPLIST_FILE = YES;
				INFOPLIST_FILE = Calculator/Info.plist;
				INFOPLIST_KEY_UIApplicationSupportsIndirectInputEvents = YES;
				INFOPLIST_KEY_UILaunchStoryboardName = LaunchScreen;
				INFOPLIST_KEY_UISupportedInterfaceOrientations_iPad = "UIInterfaceOrientationPortrait UIInterfaceOrientationPortraitUpsideDown UIInterfaceOrientationLandscapeLeft UIInterfaceOrientationLandscapeRight";
				INFOPLIST_KEY_UISupportedInterfaceOrientations_iPhone = "UIInterfaceOrientationPortrait UIInterfaceOrientationLandscapeLeft UIInterfaceOrientationLandscapeRight";
				LD_RUNPATH_SEARCH_PATHS = (
					"$(inherited)",
					"@executable_path/Frameworks",
				);
				MARKETING_VERSION = 1.0;
				PRODUCT_BUNDLE_IDENTIFIER = mariam.intro.Calculator;
				PRODUCT_NAME = "$(TARGET_NAME)";
				PROVISIONING_PROFILE_SPECIFIER = "";
				SWIFT_EMIT_LOC_STRINGS = YES;
				SWIFT_VERSION = 5.0;
				TARGETED_DEVICE_FAMILY = "1,2";
			};
			name = Release;
		};
		407B74562A82DEA700E9EB5F /* Debug */ = {
			isa = XCBuildConfiguration;
			buildSettings = {
				ALWAYS_EMBED_SWIFT_STANDARD_LIBRARIES = YES;
				BUNDLE_LOADER = "$(TEST_HOST)";
				CODE_SIGN_STYLE = Automatic;
				CURRENT_PROJECT_VERSION = 1;
				GENERATE_INFOPLIST_FILE = YES;
				IPHONEOS_DEPLOYMENT_TARGET = 15.2;
				MARKETING_VERSION = 1.0;
				PRODUCT_BUNDLE_IDENTIFIER = mariam.intro.CalculatorTests;
				PRODUCT_NAME = "$(TARGET_NAME)";
				SWIFT_EMIT_LOC_STRINGS = NO;
				SWIFT_VERSION = 5.0;
				TARGETED_DEVICE_FAMILY = "1,2";
				TEST_HOST = "$(BUILT_PRODUCTS_DIR)/Calculator.app/Calculator";
			};
			name = Debug;
		};
		407B74572A82DEA700E9EB5F /* Release */ = {
			isa = XCBuildConfiguration;
			buildSettings = {
				ALWAYS_EMBED_SWIFT_STANDARD_LIBRARIES = YES;
				BUNDLE_LOADER = "$(TEST_HOST)";
				CODE_SIGN_STYLE = Automatic;
				CURRENT_PROJECT_VERSION = 1;
				GENERATE_INFOPLIST_FILE = YES;
				IPHONEOS_DEPLOYMENT_TARGET = 15.2;
				MARKETING_VERSION = 1.0;
				PRODUCT_BUNDLE_IDENTIFIER = mariam.intro.CalculatorTests;
				PRODUCT_NAME = "$(TARGET_NAME)";
				SWIFT_EMIT_LOC_STRINGS = NO;
				SWIFT_VERSION = 5.0;
				TARGETED_DEVICE_FAMILY = "1,2";
				TEST_HOST = "$(BUILT_PRODUCTS_DIR)/Calculator.app/Calculator";
			};
			name = Release;
		};
		407B74592A82DEA700E9EB5F /* Debug */ = {
			isa = XCBuildConfiguration;
			buildSettings = {
				ALWAYS_EMBED_SWIFT_STANDARD_LIBRARIES = YES;
				CODE_SIGN_STYLE = Automatic;
				CURRENT_PROJECT_VERSION = 1;
				GENERATE_INFOPLIST_FILE = YES;
				MARKETING_VERSION = 1.0;
				PRODUCT_BUNDLE_IDENTIFIER = mariam.intro.CalculatorUITests;
				PRODUCT_NAME = "$(TARGET_NAME)";
				SWIFT_EMIT_LOC_STRINGS = NO;
				SWIFT_VERSION = 5.0;
				TARGETED_DEVICE_FAMILY = "1,2";
				TEST_TARGET_NAME = Calculator;
			};
			name = Debug;
		};
		407B745A2A82DEA700E9EB5F /* Release */ = {
			isa = XCBuildConfiguration;
			buildSettings = {
				ALWAYS_EMBED_SWIFT_STANDARD_LIBRARIES = YES;
				CODE_SIGN_STYLE = Automatic;
				CURRENT_PROJECT_VERSION = 1;
				GENERATE_INFOPLIST_FILE = YES;
				MARKETING_VERSION = 1.0;
				PRODUCT_BUNDLE_IDENTIFIER = mariam.intro.CalculatorUITests;
				PRODUCT_NAME = "$(TARGET_NAME)";
				SWIFT_EMIT_LOC_STRINGS = NO;
				SWIFT_VERSION = 5.0;
				TARGETED_DEVICE_FAMILY = "1,2";
				TEST_TARGET_NAME = Calculator;
			};
			name = Release;
		};
/* End XCBuildConfiguration section */

/* Begin XCConfigurationList section */
		407B74232A82DEA300E9EB5F /* Build configuration list for PBXProject "Calculator" */ = {
			isa = XCConfigurationList;
			buildConfigurations = (
				407B74502A82DEA700E9EB5F /* Debug */,
				407B74512A82DEA700E9EB5F /* Release */,
			);
			defaultConfigurationIsVisible = 0;
			defaultConfigurationName = Release;
		};
		407B74522A82DEA700E9EB5F /* Build configuration list for PBXNativeTarget "Calculator" */ = {
			isa = XCConfigurationList;
			buildConfigurations = (
				407B74532A82DEA700E9EB5F /* Debug */,
				407B74542A82DEA700E9EB5F /* Release */,
			);
			defaultConfigurationIsVisible = 0;
			defaultConfigurationName = Release;
		};
		407B74552A82DEA700E9EB5F /* Build configuration list for PBXNativeTarget "CalculatorTests" */ = {
			isa = XCConfigurationList;
			buildConfigurations = (
				407B74562A82DEA700E9EB5F /* Debug */,
				407B74572A82DEA700E9EB5F /* Release */,
			);
			defaultConfigurationIsVisible = 0;
			defaultConfigurationName = Release;
		};
		407B74582A82DEA700E9EB5F /* Build configuration list for PBXNativeTarget "CalculatorUITests" */ = {
			isa = XCConfigurationList;
			buildConfigurations = (
				407B74592A82DEA700E9EB5F /* Debug */,
				407B745A2A82DEA700E9EB5F /* Release */,
			);
			defaultConfigurationIsVisible = 0;
			defaultConfigurationName = Release;
		};
/* End XCConfigurationList section */

/* Begin XCRemoteSwiftPackageReference section */
		407B745B2A83811E00E9EB5F /* XCRemoteSwiftPackageReference "CombineCocoa" */ = {
			isa = XCRemoteSwiftPackageReference;
			repositoryURL = "https://github.com/CombineCommunity/CombineCocoa";
			requirement = {
				kind = upToNextMajorVersion;
				minimumVersion = 0.4.1;
			};
		};
		407B745E2A83814F00E9EB5F /* XCRemoteSwiftPackageReference "SnapKit" */ = {
			isa = XCRemoteSwiftPackageReference;
			repositoryURL = "https://github.com/SnapKit/SnapKit";
			requirement = {
				kind = upToNextMajorVersion;
				minimumVersion = 5.0.0;
			};
		};
		407B74642A83824E00E9EB5F /* XCRemoteSwiftPackageReference "swift-snapshot-testing" */ = {
			isa = XCRemoteSwiftPackageReference;
			repositoryURL = "https://github.com/pointfreeco/swift-snapshot-testing";
			requirement = {
				kind = upToNextMajorVersion;
				minimumVersion = 1.0.0;
			};
		};
/* End XCRemoteSwiftPackageReference section */

/* Begin XCSwiftPackageProductDependency section */
		407B745C2A83811F00E9EB5F /* CombineCocoa */ = {
			isa = XCSwiftPackageProductDependency;
			package = 407B745B2A83811E00E9EB5F /* XCRemoteSwiftPackageReference "CombineCocoa" */;
			productName = CombineCocoa;
		};
		407B745F2A83814F00E9EB5F /* SnapKit */ = {
			isa = XCSwiftPackageProductDependency;
			package = 407B745E2A83814F00E9EB5F /* XCRemoteSwiftPackageReference "SnapKit" */;
			productName = SnapKit;
		};
		407B74622A8381E000E9EB5F /* CombineCocoa */ = {
			isa = XCSwiftPackageProductDependency;
			package = 407B745B2A83811E00E9EB5F /* XCRemoteSwiftPackageReference "CombineCocoa" */;
			productName = CombineCocoa;
		};
		407B74652A83824E00E9EB5F /* SnapshotTesting */ = {
			isa = XCSwiftPackageProductDependency;
			package = 407B74642A83824E00E9EB5F /* XCRemoteSwiftPackageReference "swift-snapshot-testing" */;
			productName = SnapshotTesting;
		};
		407B74672A83825400E9EB5F /* CombineCocoa */ = {
			isa = XCSwiftPackageProductDependency;
			package = 407B745B2A83811E00E9EB5F /* XCRemoteSwiftPackageReference "CombineCocoa" */;
			productName = CombineCocoa;
		};
/* End XCSwiftPackageProductDependency section */
	};
	rootObject = 407B74202A82DEA300E9EB5F /* Project object */;
}
